// !$*UTF8*$!
{
	archiveVersion = 1;
	classes = {
	};
	objectVersion = 55;
	objects = {

/* Begin PBXBuildFile section */
		4D39B0312971BA53001F1028 /* AppDelegate.swift in Sources */ = {isa = PBXBuildFile; fileRef = 4D39B0302971BA53001F1028 /* AppDelegate.swift */; };
		4D39B0352971BA53001F1028 /* HomeViewController.swift in Sources */ = {isa = PBXBuildFile; fileRef = 4D39B0342971BA53001F1028 /* HomeViewController.swift */; };
		4D39B03A2971BA55001F1028 /* Assets.xcassets in Resources */ = {isa = PBXBuildFile; fileRef = 4D39B0392971BA55001F1028 /* Assets.xcassets */; };
		4D39B03D2971BA55001F1028 /* LaunchScreen.storyboard in Resources */ = {isa = PBXBuildFile; fileRef = 4D39B03B2971BA55001F1028 /* LaunchScreen.storyboard */; };
		4D39B04B2971BD9A001F1028 /* HomeView.swift in Sources */ = {isa = PBXBuildFile; fileRef = 4D39B04A2971BD9A001F1028 /* HomeView.swift */; };
		4D39B04E2971BDC4001F1028 /* Grade.swift in Sources */ = {isa = PBXBuildFile; fileRef = 4D39B04D2971BDC4001F1028 /* Grade.swift */; };
		4D39B0512971BE27001F1028 /* UIView+Extension.swift in Sources */ = {isa = PBXBuildFile; fileRef = 4D39B0502971BE27001F1028 /* UIView+Extension.swift */; };
		4D39B0532971BFAF001F1028 /* BaseView.swift in Sources */ = {isa = PBXBuildFile; fileRef = 4D39B0522971BFAF001F1028 /* BaseView.swift */; };
		4D39B0552971CB71001F1028 /* RegisterViewController.swift in Sources */ = {isa = PBXBuildFile; fileRef = 4D39B0542971CB71001F1028 /* RegisterViewController.swift */; };
		4D39B0572971CB7B001F1028 /* RegisterView.swift in Sources */ = {isa = PBXBuildFile; fileRef = 4D39B0562971CB7B001F1028 /* RegisterView.swift */; };
		4D39B0592971DCF2001F1028 /* RegisterViewModel.swift in Sources */ = {isa = PBXBuildFile; fileRef = 4D39B0582971DCF2001F1028 /* RegisterViewModel.swift */; };
		4DB37A212975733C0031100A /* GradeCollectionViewController.swift in Sources */ = {isa = PBXBuildFile; fileRef = 4DB37A202975733C0031100A /* GradeCollectionViewController.swift */; };
		4DB37A24297573850031100A /* BaseCell.swift in Sources */ = {isa = PBXBuildFile; fileRef = 4DB37A23297573850031100A /* BaseCell.swift */; };
		4DB37A262975788A0031100A /* GradeCollectionViewCell.swift in Sources */ = {isa = PBXBuildFile; fileRef = 4DB37A252975788A0031100A /* GradeCollectionViewCell.swift */; };
		4DB37A2829757A670031100A /* GradeCollectionView.swift in Sources */ = {isa = PBXBuildFile; fileRef = 4DB37A2729757A670031100A /* GradeCollectionView.swift */; };
		4DB37A2A29757BF10031100A /* GradeDetailsViewController.swift in Sources */ = {isa = PBXBuildFile; fileRef = 4DB37A2929757BF10031100A /* GradeDetailsViewController.swift */; };
		4DB37A2C29757C0A0031100A /* GradeDetailsView.swift in Sources */ = {isa = PBXBuildFile; fileRef = 4DB37A2B29757C0A0031100A /* GradeDetailsView.swift */; };
/* End PBXBuildFile section */

/* Begin PBXFileReference section */
		4D39B02D2971BA53001F1028 /* GradeCalculator.app */ = {isa = PBXFileReference; explicitFileType = wrapper.application; includeInIndex = 0; path = GradeCalculator.app; sourceTree = BUILT_PRODUCTS_DIR; };
		4D39B0302971BA53001F1028 /* AppDelegate.swift */ = {isa = PBXFileReference; lastKnownFileType = sourcecode.swift; path = AppDelegate.swift; sourceTree = "<group>"; };
		4D39B0342971BA53001F1028 /* HomeViewController.swift */ = {isa = PBXFileReference; lastKnownFileType = sourcecode.swift; path = HomeViewController.swift; sourceTree = "<group>"; };
		4D39B0392971BA55001F1028 /* Assets.xcassets */ = {isa = PBXFileReference; lastKnownFileType = folder.assetcatalog; path = Assets.xcassets; sourceTree = "<group>"; };
		4D39B03C2971BA55001F1028 /* Base */ = {isa = PBXFileReference; lastKnownFileType = file.storyboard; name = Base; path = Base.lproj/LaunchScreen.storyboard; sourceTree = "<group>"; };
		4D39B03E2971BA55001F1028 /* Info.plist */ = {isa = PBXFileReference; lastKnownFileType = text.plist.xml; path = Info.plist; sourceTree = "<group>"; };
		4D39B04A2971BD9A001F1028 /* HomeView.swift */ = {isa = PBXFileReference; lastKnownFileType = sourcecode.swift; path = HomeView.swift; sourceTree = "<group>"; };
		4D39B04D2971BDC4001F1028 /* Grade.swift */ = {isa = PBXFileReference; lastKnownFileType = sourcecode.swift; path = Grade.swift; sourceTree = "<group>"; };
		4D39B0502971BE27001F1028 /* UIView+Extension.swift */ = {isa = PBXFileReference; lastKnownFileType = sourcecode.swift; path = "UIView+Extension.swift"; sourceTree = "<group>"; };
		4D39B0522971BFAF001F1028 /* BaseView.swift */ = {isa = PBXFileReference; lastKnownFileType = sourcecode.swift; path = BaseView.swift; sourceTree = "<group>"; };
		4D39B0542971CB71001F1028 /* RegisterViewController.swift */ = {isa = PBXFileReference; lastKnownFileType = sourcecode.swift; path = RegisterViewController.swift; sourceTree = "<group>"; };
		4D39B0562971CB7B001F1028 /* RegisterView.swift */ = {isa = PBXFileReference; lastKnownFileType = sourcecode.swift; path = RegisterView.swift; sourceTree = "<group>"; };
		4D39B0582971DCF2001F1028 /* RegisterViewModel.swift */ = {isa = PBXFileReference; lastKnownFileType = sourcecode.swift; path = RegisterViewModel.swift; sourceTree = "<group>"; };
		4DB37A202975733C0031100A /* GradeCollectionViewController.swift */ = {isa = PBXFileReference; lastKnownFileType = sourcecode.swift; path = GradeCollectionViewController.swift; sourceTree = "<group>"; };
		4DB37A23297573850031100A /* BaseCell.swift */ = {isa = PBXFileReference; lastKnownFileType = sourcecode.swift; path = BaseCell.swift; sourceTree = "<group>"; };
		4DB37A252975788A0031100A /* GradeCollectionViewCell.swift */ = {isa = PBXFileReference; lastKnownFileType = sourcecode.swift; path = GradeCollectionViewCell.swift; sourceTree = "<group>"; };
		4DB37A2729757A670031100A /* GradeCollectionView.swift */ = {isa = PBXFileReference; lastKnownFileType = sourcecode.swift; path = GradeCollectionView.swift; sourceTree = "<group>"; };
		4DB37A2929757BF10031100A /* GradeDetailsViewController.swift */ = {isa = PBXFileReference; lastKnownFileType = sourcecode.swift; path = GradeDetailsViewController.swift; sourceTree = "<group>"; };
		4DB37A2B29757C0A0031100A /* GradeDetailsView.swift */ = {isa = PBXFileReference; lastKnownFileType = sourcecode.swift; path = GradeDetailsView.swift; sourceTree = "<group>"; };
/* End PBXFileReference section */

/* Begin PBXFrameworksBuildPhase section */
		4D39B02A2971BA53001F1028 /* Frameworks */ = {
			isa = PBXFrameworksBuildPhase;
			buildActionMask = 2147483647;
			files = (
			);
			runOnlyForDeploymentPostprocessing = 0;
		};
/* End PBXFrameworksBuildPhase section */

/* Begin PBXGroup section */
		4D39B0242971BA53001F1028 = {
			isa = PBXGroup;
			children = (
				4D39B02F2971BA53001F1028 /* GradeCalculator */,
				4D39B02E2971BA53001F1028 /* Products */,
			);
			sourceTree = "<group>";
		};
		4D39B02E2971BA53001F1028 /* Products */ = {
			isa = PBXGroup;
			children = (
				4D39B02D2971BA53001F1028 /* GradeCalculator.app */,
			);
			name = Products;
			sourceTree = "<group>";
		};
		4D39B02F2971BA53001F1028 /* GradeCalculator */ = {
			isa = PBXGroup;
			children = (
				4D39B0492971BD45001F1028 /* Common */,
				4D39B0482971BD22001F1028 /* Delegates */,
				4D39B0442971BCD8001F1028 /* Resources */,
				4D39B0472971BD13001F1028 /* Storyboard */,
				4D39B04C2971BDA2001F1028 /* Model */,
				4D39B04F2971BDD9001F1028 /* ViewModel */,
				4D39B0462971BCFB001F1028 /* View */,
				4D39B0452971BCF3001F1028 /* Controller */,
				4D39B03E2971BA55001F1028 /* Info.plist */,
			);
			path = GradeCalculator;
			sourceTree = "<group>";
		};
		4D39B0442971BCD8001F1028 /* Resources */ = {
			isa = PBXGroup;
			children = (
				4D39B0392971BA55001F1028 /* Assets.xcassets */,
			);
			path = Resources;
			sourceTree = "<group>";
		};
		4D39B0452971BCF3001F1028 /* Controller */ = {
			isa = PBXGroup;
			children = (
				4D39B0342971BA53001F1028 /* HomeViewController.swift */,
				4D39B0542971CB71001F1028 /* RegisterViewController.swift */,
				4DB37A202975733C0031100A /* GradeCollectionViewController.swift */,
				4DB37A2929757BF10031100A /* GradeDetailsViewController.swift */,
			);
			path = Controller;
			sourceTree = "<group>";
		};
		4D39B0462971BCFB001F1028 /* View */ = {
			isa = PBXGroup;
			children = (
				4DB37A22297573730031100A /* Cell */,
				4D39B04A2971BD9A001F1028 /* HomeView.swift */,
				4D39B0562971CB7B001F1028 /* RegisterView.swift */,
				4DB37A2729757A670031100A /* GradeCollectionView.swift */,
				4DB37A2B29757C0A0031100A /* GradeDetailsView.swift */,
			);
			path = View;
			sourceTree = "<group>";
		};
		4D39B0472971BD13001F1028 /* Storyboard */ = {
			isa = PBXGroup;
			children = (
				4D39B03B2971BA55001F1028 /* LaunchScreen.storyboard */,
			);
			path = Storyboard;
			sourceTree = "<group>";
		};
		4D39B0482971BD22001F1028 /* Delegates */ = {
			isa = PBXGroup;
			children = (
				4D39B0302971BA53001F1028 /* AppDelegate.swift */,
			);
			path = Delegates;
			sourceTree = "<group>";
		};
		4D39B0492971BD45001F1028 /* Common */ = {
			isa = PBXGroup;
			children = (
				4D39B0502971BE27001F1028 /* UIView+Extension.swift */,
				4D39B0522971BFAF001F1028 /* BaseView.swift */,
			);
			path = Common;
			sourceTree = "<group>";
		};
		4D39B04C2971BDA2001F1028 /* Model */ = {
			isa = PBXGroup;
			children = (
				4D39B04D2971BDC4001F1028 /* Grade.swift */,
			);
			path = Model;
			sourceTree = "<group>";
		};
		4D39B04F2971BDD9001F1028 /* ViewModel */ = {
			isa = PBXGroup;
			children = (
				4D39B0582971DCF2001F1028 /* RegisterViewModel.swift */,
			);
			path = ViewModel;
			sourceTree = "<group>";
		};
		4DB37A22297573730031100A /* Cell */ = {
			isa = PBXGroup;
			children = (
				4DB37A23297573850031100A /* BaseCell.swift */,
				4DB37A252975788A0031100A /* GradeCollectionViewCell.swift */,
			);
			path = Cell;
			sourceTree = "<group>";
		};
/* End PBXGroup section */

/* Begin PBXNativeTarget section */
		4D39B02C2971BA53001F1028 /* GradeCalculator */ = {
			isa = PBXNativeTarget;
			buildConfigurationList = 4D39B0412971BA55001F1028 /* Build configuration list for PBXNativeTarget "GradeCalculator" */;
			buildPhases = (
				4D39B0292971BA53001F1028 /* Sources */,
				4D39B02A2971BA53001F1028 /* Frameworks */,
				4D39B02B2971BA53001F1028 /* Resources */,
			);
			buildRules = (
			);
			dependencies = (
			);
			name = GradeCalculator;
			productName = GradeCalculator;
			productReference = 4D39B02D2971BA53001F1028 /* GradeCalculator.app */;
			productType = "com.apple.product-type.application";
		};
/* End PBXNativeTarget section */

/* Begin PBXProject section */
		4D39B0252971BA53001F1028 /* Project object */ = {
			isa = PBXProject;
			attributes = {
				BuildIndependentTargetsInParallel = 1;
				LastSwiftUpdateCheck = 1340;
				LastUpgradeCheck = 1340;
				TargetAttributes = {
					4D39B02C2971BA53001F1028 = {
						CreatedOnToolsVersion = 13.4.1;
					};
				};
			};
			buildConfigurationList = 4D39B0282971BA53001F1028 /* Build configuration list for PBXProject "GradeCalculator" */;
			compatibilityVersion = "Xcode 13.0";
			developmentRegion = en;
			hasScannedForEncodings = 0;
			knownRegions = (
				en,
				Base,
			);
			mainGroup = 4D39B0242971BA53001F1028;
			productRefGroup = 4D39B02E2971BA53001F1028 /* Products */;
			projectDirPath = "";
			projectRoot = "";
			targets = (
				4D39B02C2971BA53001F1028 /* GradeCalculator */,
			);
		};
/* End PBXProject section */

/* Begin PBXResourcesBuildPhase section */
		4D39B02B2971BA53001F1028 /* Resources */ = {
			isa = PBXResourcesBuildPhase;
			buildActionMask = 2147483647;
			files = (
				4D39B03D2971BA55001F1028 /* LaunchScreen.storyboard in Resources */,
				4D39B03A2971BA55001F1028 /* Assets.xcassets in Resources */,
			);
			runOnlyForDeploymentPostprocessing = 0;
		};
/* End PBXResourcesBuildPhase section */

/* Begin PBXSourcesBuildPhase section */
		4D39B0292971BA53001F1028 /* Sources */ = {
			isa = PBXSourcesBuildPhase;
			buildActionMask = 2147483647;
			files = (
				4D39B04E2971BDC4001F1028 /* Grade.swift in Sources */,
				4D39B04B2971BD9A001F1028 /* HomeView.swift in Sources */,
				4DB37A2829757A670031100A /* GradeCollectionView.swift in Sources */,
				4DB37A2C29757C0A0031100A /* GradeDetailsView.swift in Sources */,
				4D39B0552971CB71001F1028 /* RegisterViewController.swift in Sources */,
				4DB37A2A29757BF10031100A /* GradeDetailsViewController.swift in Sources */,
				4D39B0352971BA53001F1028 /* HomeViewController.swift in Sources */,
				4D39B0532971BFAF001F1028 /* BaseView.swift in Sources */,
				4D39B0572971CB7B001F1028 /* RegisterView.swift in Sources */,
				4DB37A262975788A0031100A /* GradeCollectionViewCell.swift in Sources */,
				4D39B0512971BE27001F1028 /* UIView+Extension.swift in Sources */,
				4DB37A24297573850031100A /* BaseCell.swift in Sources */,
				4DB37A212975733C0031100A /* GradeCollectionViewController.swift in Sources */,
				4D39B0592971DCF2001F1028 /* RegisterViewModel.swift in Sources */,
				4D39B0312971BA53001F1028 /* AppDelegate.swift in Sources */,
			);
			runOnlyForDeploymentPostprocessing = 0;
		};
/* End PBXSourcesBuildPhase section */

/* Begin PBXVariantGroup section */
		4D39B03B2971BA55001F1028 /* LaunchScreen.storyboard */ = {
			isa = PBXVariantGroup;
			children = (
				4D39B03C2971BA55001F1028 /* Base */,
			);
			name = LaunchScreen.storyboard;
			sourceTree = "<group>";
		};
/* End PBXVariantGroup section */

/* Begin XCBuildConfiguration section */
		4D39B03F2971BA55001F1028 /* Debug */ = {
			isa = XCBuildConfiguration;
			buildSettings = {
				ALWAYS_SEARCH_USER_PATHS = NO;
				CLANG_ANALYZER_NONNULL = YES;
				CLANG_ANALYZER_NUMBER_OBJECT_CONVERSION = YES_AGGRESSIVE;
				CLANG_CXX_LANGUAGE_STANDARD = "gnu++17";
				CLANG_ENABLE_MODULES = YES;
				CLANG_ENABLE_OBJC_ARC = YES;
				CLANG_ENABLE_OBJC_WEAK = YES;
				CLANG_WARN_BLOCK_CAPTURE_AUTORELEASING = YES;
				CLANG_WARN_BOOL_CONVERSION = YES;
				CLANG_WARN_COMMA = YES;
				CLANG_WARN_CONSTANT_CONVERSION = YES;
				CLANG_WARN_DEPRECATED_OBJC_IMPLEMENTATIONS = YES;
				CLANG_WARN_DIRECT_OBJC_ISA_USAGE = YES_ERROR;
				CLANG_WARN_DOCUMENTATION_COMMENTS = YES;
				CLANG_WARN_EMPTY_BODY = YES;
				CLANG_WARN_ENUM_CONVERSION = YES;
				CLANG_WARN_INFINITE_RECURSION = YES;
				CLANG_WARN_INT_CONVERSION = YES;
				CLANG_WARN_NON_LITERAL_NULL_CONVERSION = YES;
				CLANG_WARN_OBJC_IMPLICIT_RETAIN_SELF = YES;
				CLANG_WARN_OBJC_LITERAL_CONVERSION = YES;
				CLANG_WARN_OBJC_ROOT_CLASS = YES_ERROR;
				CLANG_WARN_QUOTED_INCLUDE_IN_FRAMEWORK_HEADER = YES;
				CLANG_WARN_RANGE_LOOP_ANALYSIS = YES;
				CLANG_WARN_STRICT_PROTOTYPES = YES;
				CLANG_WARN_SUSPICIOUS_MOVE = YES;
				CLANG_WARN_UNGUARDED_AVAILABILITY = YES_AGGRESSIVE;
				CLANG_WARN_UNREACHABLE_CODE = YES;
				CLANG_WARN__DUPLICATE_METHOD_MATCH = YES;
				COPY_PHASE_STRIP = NO;
				DEBUG_INFORMATION_FORMAT = dwarf;
				ENABLE_STRICT_OBJC_MSGSEND = YES;
				ENABLE_TESTABILITY = YES;
				GCC_C_LANGUAGE_STANDARD = gnu11;
				GCC_DYNAMIC_NO_PIC = NO;
				GCC_NO_COMMON_BLOCKS = YES;
				GCC_OPTIMIZATION_LEVEL = 0;
				GCC_PREPROCESSOR_DEFINITIONS = (
					"DEBUG=1",
					"$(inherited)",
				);
				GCC_WARN_64_TO_32_BIT_CONVERSION = YES;
				GCC_WARN_ABOUT_RETURN_TYPE = YES_ERROR;
				GCC_WARN_UNDECLARED_SELECTOR = YES;
				GCC_WARN_UNINITIALIZED_AUTOS = YES_AGGRESSIVE;
				GCC_WARN_UNUSED_FUNCTION = YES;
				GCC_WARN_UNUSED_VARIABLE = YES;
				IPHONEOS_DEPLOYMENT_TARGET = 15.5;
				MTL_ENABLE_DEBUG_INFO = INCLUDE_SOURCE;
				MTL_FAST_MATH = YES;
				ONLY_ACTIVE_ARCH = YES;
				SDKROOT = iphoneos;
				SWIFT_ACTIVE_COMPILATION_CONDITIONS = DEBUG;
				SWIFT_OPTIMIZATION_LEVEL = "-Onone";
			};
			name = Debug;
		};
		4D39B0402971BA55001F1028 /* Release */ = {
			isa = XCBuildConfiguration;
			buildSettings = {
				ALWAYS_SEARCH_USER_PATHS = NO;
				CLANG_ANALYZER_NONNULL = YES;
				CLANG_ANALYZER_NUMBER_OBJECT_CONVERSION = YES_AGGRESSIVE;
				CLANG_CXX_LANGUAGE_STANDARD = "gnu++17";
				CLANG_ENABLE_MODULES = YES;
				CLANG_ENABLE_OBJC_ARC = YES;
				CLANG_ENABLE_OBJC_WEAK = YES;
				CLANG_WARN_BLOCK_CAPTURE_AUTORELEASING = YES;
				CLANG_WARN_BOOL_CONVERSION = YES;
				CLANG_WARN_COMMA = YES;
				CLANG_WARN_CONSTANT_CONVERSION = YES;
				CLANG_WARN_DEPRECATED_OBJC_IMPLEMENTATIONS = YES;
				CLANG_WARN_DIRECT_OBJC_ISA_USAGE = YES_ERROR;
				CLANG_WARN_DOCUMENTATION_COMMENTS = YES;
				CLANG_WARN_EMPTY_BODY = YES;
				CLANG_WARN_ENUM_CONVERSION = YES;
				CLANG_WARN_INFINITE_RECURSION = YES;
				CLANG_WARN_INT_CONVERSION = YES;
				CLANG_WARN_NON_LITERAL_NULL_CONVERSION = YES;
				CLANG_WARN_OBJC_IMPLICIT_RETAIN_SELF = YES;
				CLANG_WARN_OBJC_LITERAL_CONVERSION = YES;
				CLANG_WARN_OBJC_ROOT_CLASS = YES_ERROR;
				CLANG_WARN_QUOTED_INCLUDE_IN_FRAMEWORK_HEADER = YES;
				CLANG_WARN_RANGE_LOOP_ANALYSIS = YES;
				CLANG_WARN_STRICT_PROTOTYPES = YES;
				CLANG_WARN_SUSPICIOUS_MOVE = YES;
				CLANG_WARN_UNGUARDED_AVAILABILITY = YES_AGGRESSIVE;
				CLANG_WARN_UNREACHABLE_CODE = YES;
				CLANG_WARN__DUPLICATE_METHOD_MATCH = YES;
				COPY_PHASE_STRIP = NO;
				DEBUG_INFORMATION_FORMAT = "dwarf-with-dsym";
				ENABLE_NS_ASSERTIONS = NO;
				ENABLE_STRICT_OBJC_MSGSEND = YES;
				GCC_C_LANGUAGE_STANDARD = gnu11;
				GCC_NO_COMMON_BLOCKS = YES;
				GCC_WARN_64_TO_32_BIT_CONVERSION = YES;
				GCC_WARN_ABOUT_RETURN_TYPE = YES_ERROR;
				GCC_WARN_UNDECLARED_SELECTOR = YES;
				GCC_WARN_UNINITIALIZED_AUTOS = YES_AGGRESSIVE;
				GCC_WARN_UNUSED_FUNCTION = YES;
				GCC_WARN_UNUSED_VARIABLE = YES;
				IPHONEOS_DEPLOYMENT_TARGET = 15.5;
				MTL_ENABLE_DEBUG_INFO = NO;
				MTL_FAST_MATH = YES;
				SDKROOT = iphoneos;
				SWIFT_COMPILATION_MODE = wholemodule;
				SWIFT_OPTIMIZATION_LEVEL = "-O";
				VALIDATE_PRODUCT = YES;
			};
			name = Release;
		};
		4D39B0422971BA55001F1028 /* Debug */ = {
			isa = XCBuildConfiguration;
			buildSettings = {
				ASSETCATALOG_COMPILER_APPICON_NAME = AppIcon;
				ASSETCATALOG_COMPILER_GLOBAL_ACCENT_COLOR_NAME = AccentColor;
				CODE_SIGN_IDENTITY = "Apple Development";
				CODE_SIGN_STYLE = Automatic;
				CURRENT_PROJECT_VERSION = 1;
				DEVELOPMENT_TEAM = CLU29H9HRC;
				GENERATE_INFOPLIST_FILE = YES;
				INFOPLIST_FILE = GradeCalculator/Info.plist;
				INFOPLIST_KEY_UIApplicationSupportsIndirectInputEvents = YES;
				INFOPLIST_KEY_UILaunchStoryboardName = LaunchScreen;
				INFOPLIST_KEY_UISupportedInterfaceOrientations_iPad = "UIInterfaceOrientationPortrait UIInterfaceOrientationPortraitUpsideDown UIInterfaceOrientationLandscapeLeft UIInterfaceOrientationLandscapeRight";
				INFOPLIST_KEY_UISupportedInterfaceOrientations_iPhone = "UIInterfaceOrientationPortrait UIInterfaceOrientationLandscapeLeft UIInterfaceOrientationLandscapeRight";
				LD_RUNPATH_SEARCH_PATHS = (
					"$(inherited)",
					"@executable_path/Frameworks",
				);
				MARKETING_VERSION = 1.0;
				PRODUCT_BUNDLE_IDENTIFIER = com.GradeCalculator;
				PRODUCT_NAME = "$(TARGET_NAME)";
				PROVISIONING_PROFILE_SPECIFIER = "";
				SWIFT_EMIT_LOC_STRINGS = YES;
				SWIFT_VERSION = 5.0;
				TARGETED_DEVICE_FAMILY = "1,2";
			};
			name = Debug;
		};
		4D39B0432971BA55001F1028 /* Release */ = {
			isa = XCBuildConfiguration;
			buildSettings = {
				ASSETCATALOG_COMPILER_APPICON_NAME = AppIcon;
				ASSETCATALOG_COMPILER_GLOBAL_ACCENT_COLOR_NAME = AccentColor;
				CODE_SIGN_IDENTITY = "Apple Development";
				CODE_SIGN_STYLE = Automatic;
				CURRENT_PROJECT_VERSION = 1;
				DEVELOPMENT_TEAM = CLU29H9HRC;
				GENERATE_INFOPLIST_FILE = YES;
				INFOPLIST_FILE = GradeCalculator/Info.plist;
				INFOPLIST_KEY_UIApplicationSupportsIndirectInputEvents = YES;
				INFOPLIST_KEY_UILaunchStoryboardName = LaunchScreen;
				INFOPLIST_KEY_UISupportedInterfaceOrientations_iPad = "UIInterfaceOrientationPortrait UIInterfaceOrientationPortraitUpsideDown UIInterfaceOrientationLandscapeLeft UIInterfaceOrientationLandscapeRight";
				INFOPLIST_KEY_UISupportedInterfaceOrientations_iPhone = "UIInterfaceOrientationPortrait UIInterfaceOrientationLandscapeLeft UIInterfaceOrientationLandscapeRight";
				LD_RUNPATH_SEARCH_PATHS = (
					"$(inherited)",
					"@executable_path/Frameworks",
				);
				MARKETING_VERSION = 1.0;
				PRODUCT_BUNDLE_IDENTIFIER = com.GradeCalculator;
				PRODUCT_NAME = "$(TARGET_NAME)";
				PROVISIONING_PROFILE_SPECIFIER = "";
				SWIFT_EMIT_LOC_STRINGS = YES;
				SWIFT_VERSION = 5.0;
				TARGETED_DEVICE_FAMILY = "1,2";
			};
			name = Release;
		};
/* End XCBuildConfiguration section */

/* Begin XCConfigurationList section */
		4D39B0282971BA53001F1028 /* Build configuration list for PBXProject "GradeCalculator" */ = {
			isa = XCConfigurationList;
			buildConfigurations = (
				4D39B03F2971BA55001F1028 /* Debug */,
				4D39B0402971BA55001F1028 /* Release */,
			);
			defaultConfigurationIsVisible = 0;
			defaultConfigurationName = Release;
		};
		4D39B0412971BA55001F1028 /* Build configuration list for PBXNativeTarget "GradeCalculator" */ = {
			isa = XCConfigurationList;
			buildConfigurations = (
				4D39B0422971BA55001F1028 /* Debug */,
				4D39B0432971BA55001F1028 /* Release */,
			);
			defaultConfigurationIsVisible = 0;
			defaultConfigurationName = Release;
		};
/* End XCConfigurationList section */
	};
	rootObject = 4D39B0252971BA53001F1028 /* Project object */;
}
